{
  "name": "vue2-ace-editor",
  "version": "0.0.15",
  "lockfileVersion": 2,
  "requires": true,
  "packages": {
    "": {
      "name": "vue2-ace-editor",
      "version": "0.0.15",
      "license": "MIT",
      "dependencies": {
        "brace": "github:daizyio/brace"
      }
    },
    "node_modules/brace": {
      "version": "0.11.1",
      "resolved": "git+ssh://git@github.com/daizyio/brace.git#8fc524e540cb0ab04a5622b8ccf8ad59a51ee478",
      "license": "MIT"
    }
  },
  "dependencies": {
    "brace": {
      "version": "git+ssh://git@github.com/daizyio/brace.git#8fc524e540cb0ab04a5622b8ccf8ad59a51ee478",
      "from": "brace@https://github.com/daizyio/brace"
    }
  }
}
